
Microsoft Visual Studio Solution File, Format Version 12.00
# Visual Studio 2012
Project("{FAE04EC0-301F-11D3-BF4B-00C04F79EFBC}") = "FW-SteamGameHosterThing", "FW-SteamGameHosterThing\FW-SteamGameHosterThing.csproj", "{2729461B-0F6F-4820-90A9-4C77A873F33C}"
EndProject
Project("{FAE04EC0-301F-11D3-BF4B-00C04F79EFBC}") = "EchoTesterThing", "EchoTesterThing\EchoTesterThing.csproj", "{333FACF2-01F9-4A21-AB6C-D88702175DA0}"
EndProject
Global
	GlobalSection(SolutionConfigurationPlatforms) = preSolution
		Debug|Any CPU = Debug|Any CPU
		Release|Any CPU = Release|Any CPU
	EndGlobalSection
	GlobalSection(ProjectConfigurationPlatforms) = postSolution
		{2729461B-0F6F-4820-90A9-4C77A873F33C}.Debug|Any CPU.ActiveCfg = Debug|Any CPU
		{2729461B-0F6F-4820-90A9-4C77A873F33C}.Debug|Any CPU.Build.0 = Debug|Any CPU
		{2729461B-0F6F-4820-90A9-4C77A873F33C}.Release|Any CPU.ActiveCfg = Release|Any CPU
		{2729461B-0F6F-4820-90A9-4C77A873F33C}.Release|Any CPU.Build.0 = Release|Any CPU
		{333FACF2-01F9-4A21-AB6C-D88702175DA0}.Debug|Any CPU.ActiveCfg = Debug|Any CPU
		{333FACF2-01F9-4A21-AB6C-D88702175DA0}.Debug|Any CPU.Build.0 = Debug|Any CPU
		{333FACF2-01F9-4A21-AB6C-D88702175DA0}.Release|Any CPU.ActiveCfg = Release|Any CPU
		{333FACF2-01F9-4A21-AB6C-D88702175DA0}.Release|Any CPU.Build.0 = Release|Any CPU
	EndGlobalSection
	GlobalSection(SolutionProperties) = preSolution
		HideSolutionNode = FALSE
	EndGlobalSection
EndGlobal
